
Microsoft Visual Studio Solution File, Format Version 12.00
Project("{FAE04EC0-301F-11D3-BF4B-00C04F79EFBC}") = "AntiGrenade-Exiled8", "AntiGrenade-Exiled8\AntiGrenade-Exiled8.csproj", "{17782F25-316F-4BCA-B63E-E38CB006FFA7}"
EndProject
Global
	GlobalSection(SolutionConfigurationPlatforms) = preSolution
		Debug|Any CPU = Debug|Any CPU
		Release|Any CPU = Release|Any CPU
	EndGlobalSection
	GlobalSection(ProjectConfigurationPlatforms) = postSolution
		{17782F25-316F-4BCA-B63E-E38CB006FFA7}.Debug|Any CPU.ActiveCfg = Debug|Any CPU
		{17782F25-316F-4BCA-B63E-E38CB006FFA7}.Debug|Any CPU.Build.0 = Debug|Any CPU
		{17782F25-316F-4BCA-B63E-E38CB006FFA7}.Release|Any CPU.ActiveCfg = Release|Any CPU
		{17782F25-316F-4BCA-B63E-E38CB006FFA7}.Release|Any CPU.Build.0 = Release|Any CPU
	EndGlobalSection
EndGlobal
